// !$*UTF8*$!
{
	archiveVersion = 1;
	classes = {
	};
	objectVersion = 50;
	objects = {

/* Begin PBXBuildFile section */
		D5A06E5222D6ABC80039F047 /* AppDelegate.swift in Sources */ = {isa = PBXBuildFile; fileRef = D5A06E5122D6ABC80039F047 /* AppDelegate.swift */; };
		D5A06E5722D6ABC80039F047 /* Main.storyboard in Resources */ = {isa = PBXBuildFile; fileRef = D5A06E5522D6ABC80039F047 /* Main.storyboard */; };
		D5A06E5922D6ABC90039F047 /* Assets.xcassets in Resources */ = {isa = PBXBuildFile; fileRef = D5A06E5822D6ABC90039F047 /* Assets.xcassets */; };
		D5A06E5C22D6ABC90039F047 /* LaunchScreen.storyboard in Resources */ = {isa = PBXBuildFile; fileRef = D5A06E5A22D6ABC90039F047 /* LaunchScreen.storyboard */; };
		D5A06E6722D6ABC90039F047 /* Conversion_CalculatorTests.swift in Sources */ = {isa = PBXBuildFile; fileRef = D5A06E6622D6ABC90039F047 /* Conversion_CalculatorTests.swift */; };
		D5A06E7222D6ABCA0039F047 /* Conversion_CalculatorUITests.swift in Sources */ = {isa = PBXBuildFile; fileRef = D5A06E7122D6ABCA0039F047 /* Conversion_CalculatorUITests.swift */; };
		D5A06E8022D6ABFF0039F047 /* ConverterViewController.swift in Sources */ = {isa = PBXBuildFile; fileRef = D5A06E7F22D6ABFF0039F047 /* ConverterViewController.swift */; };
/* End PBXBuildFile section */

/* Begin PBXContainerItemProxy section */
		D5A06E6322D6ABC90039F047 /* PBXContainerItemProxy */ = {
			isa = PBXContainerItemProxy;
			containerPortal = D5A06E4622D6ABC80039F047 /* Project object */;
			proxyType = 1;
			remoteGlobalIDString = D5A06E4D22D6ABC80039F047;
			remoteInfo = "Conversion Calculator";
		};
		D5A06E6E22D6ABCA0039F047 /* PBXContainerItemProxy */ = {
			isa = PBXContainerItemProxy;
			containerPortal = D5A06E4622D6ABC80039F047 /* Project object */;
			proxyType = 1;
			remoteGlobalIDString = D5A06E4D22D6ABC80039F047;
			remoteInfo = "Conversion Calculator";
		};
/* End PBXContainerItemProxy section */

/* Begin PBXFileReference section */
		D5A06E4E22D6ABC80039F047 /* Conversion Calculator.app */ = {isa = PBXFileReference; explicitFileType = wrapper.application; includeInIndex = 0; path = "Conversion Calculator.app"; sourceTree = BUILT_PRODUCTS_DIR; };
		D5A06E5122D6ABC80039F047 /* AppDelegate.swift */ = {isa = PBXFileReference; lastKnownFileType = sourcecode.swift; path = AppDelegate.swift; sourceTree = "<group>"; };
		D5A06E5622D6ABC80039F047 /* Base */ = {isa = PBXFileReference; lastKnownFileType = file.storyboard; name = Base; path = Base.lproj/Main.storyboard; sourceTree = "<group>"; };
		D5A06E5822D6ABC90039F047 /* Assets.xcassets */ = {isa = PBXFileReference; lastKnownFileType = folder.assetcatalog; path = Assets.xcassets; sourceTree = "<group>"; };
		D5A06E5B22D6ABC90039F047 /* Base */ = {isa = PBXFileReference; lastKnownFileType = file.storyboard; name = Base; path = Base.lproj/LaunchScreen.storyboard; sourceTree = "<group>"; };
		D5A06E5D22D6ABC90039F047 /* Info.plist */ = {isa = PBXFileReference; lastKnownFileType = text.plist.xml; path = Info.plist; sourceTree = "<group>"; };
		D5A06E6222D6ABC90039F047 /* Conversion CalculatorTests.xctest */ = {isa = PBXFileReference; explicitFileType = wrapper.cfbundle; includeInIndex = 0; path = "Conversion CalculatorTests.xctest"; sourceTree = BUILT_PRODUCTS_DIR; };
		D5A06E6622D6ABC90039F047 /* Conversion_CalculatorTests.swift */ = {isa = PBXFileReference; lastKnownFileType = sourcecode.swift; path = Conversion_CalculatorTests.swift; sourceTree = "<group>"; };
		D5A06E6822D6ABCA0039F047 /* Info.plist */ = {isa = PBXFileReference; lastKnownFileType = text.plist.xml; path = Info.plist; sourceTree = "<group>"; };
		D5A06E6D22D6ABCA0039F047 /* Conversion CalculatorUITests.xctest */ = {isa = PBXFileReference; explicitFileType = wrapper.cfbundle; includeInIndex = 0; path = "Conversion CalculatorUITests.xctest"; sourceTree = BUILT_PRODUCTS_DIR; };
		D5A06E7122D6ABCA0039F047 /* Conversion_CalculatorUITests.swift */ = {isa = PBXFileReference; lastKnownFileType = sourcecode.swift; path = Conversion_CalculatorUITests.swift; sourceTree = "<group>"; };
		D5A06E7322D6ABCA0039F047 /* Info.plist */ = {isa = PBXFileReference; lastKnownFileType = text.plist.xml; path = Info.plist; sourceTree = "<group>"; };
		D5A06E7F22D6ABFF0039F047 /* ConverterViewController.swift */ = {isa = PBXFileReference; lastKnownFileType = sourcecode.swift; path = ConverterViewController.swift; sourceTree = "<group>"; };
/* End PBXFileReference section */

/* Begin PBXFrameworksBuildPhase section */
		D5A06E4B22D6ABC80039F047 /* Frameworks */ = {
			isa = PBXFrameworksBuildPhase;
			buildActionMask = 2147483647;
			files = (
			);
			runOnlyForDeploymentPostprocessing = 0;
		};
		D5A06E5F22D6ABC90039F047 /* Frameworks */ = {
			isa = PBXFrameworksBuildPhase;
			buildActionMask = 2147483647;
			files = (
			);
			runOnlyForDeploymentPostprocessing = 0;
		};
		D5A06E6A22D6ABCA0039F047 /* Frameworks */ = {
			isa = PBXFrameworksBuildPhase;
			buildActionMask = 2147483647;
			files = (
			);
			runOnlyForDeploymentPostprocessing = 0;
		};
/* End PBXFrameworksBuildPhase section */

/* Begin PBXGroup section */
		D5A06E4522D6ABC80039F047 = {
			isa = PBXGroup;
			children = (
				D5A06E5022D6ABC80039F047 /* Conversion Calculator */,
				D5A06E6522D6ABC90039F047 /* Conversion CalculatorTests */,
				D5A06E7022D6ABCA0039F047 /* Conversion CalculatorUITests */,
				D5A06E4F22D6ABC80039F047 /* Products */,
			);
			sourceTree = "<group>";
		};
		D5A06E4F22D6ABC80039F047 /* Products */ = {
			isa = PBXGroup;
			children = (
				D5A06E4E22D6ABC80039F047 /* Conversion Calculator.app */,
				D5A06E6222D6ABC90039F047 /* Conversion CalculatorTests.xctest */,
				D5A06E6D22D6ABCA0039F047 /* Conversion CalculatorUITests.xctest */,
			);
			name = Products;
			sourceTree = "<group>";
		};
		D5A06E5022D6ABC80039F047 /* Conversion Calculator */ = {
			isa = PBXGroup;
			children = (
				D5A06E5122D6ABC80039F047 /* AppDelegate.swift */,
				D5A06E5522D6ABC80039F047 /* Main.storyboard */,
				D5A06E5822D6ABC90039F047 /* Assets.xcassets */,
				D5A06E5A22D6ABC90039F047 /* LaunchScreen.storyboard */,
				D5A06E5D22D6ABC90039F047 /* Info.plist */,
				D5A06E7F22D6ABFF0039F047 /* ConverterViewController.swift */,
			);
			path = "Conversion Calculator";
			sourceTree = "<group>";
		};
		D5A06E6522D6ABC90039F047 /* Conversion CalculatorTests */ = {
			isa = PBXGroup;
			children = (
				D5A06E6622D6ABC90039F047 /* Conversion_CalculatorTests.swift */,
				D5A06E6822D6ABCA0039F047 /* Info.plist */,
			);
			path = "Conversion CalculatorTests";
			sourceTree = "<group>";
		};
		D5A06E7022D6ABCA0039F047 /* Conversion CalculatorUITests */ = {
			isa = PBXGroup;
			children = (
				D5A06E7122D6ABCA0039F047 /* Conversion_CalculatorUITests.swift */,
				D5A06E7322D6ABCA0039F047 /* Info.plist */,
			);
			path = "Conversion CalculatorUITests";
			sourceTree = "<group>";
		};
/* End PBXGroup section */

/* Begin PBXNativeTarget section */
		D5A06E4D22D6ABC80039F047 /* Conversion Calculator */ = {
			isa = PBXNativeTarget;
			buildConfigurationList = D5A06E7622D6ABCA0039F047 /* Build configuration list for PBXNativeTarget "Conversion Calculator" */;
			buildPhases = (
				D5A06E4A22D6ABC80039F047 /* Sources */,
				D5A06E4B22D6ABC80039F047 /* Frameworks */,
				D5A06E4C22D6ABC80039F047 /* Resources */,
			);
			buildRules = (
			);
			dependencies = (
			);
			name = "Conversion Calculator";
			productName = "Conversion Calculator";
			productReference = D5A06E4E22D6ABC80039F047 /* Conversion Calculator.app */;
			productType = "com.apple.product-type.application";
		};
		D5A06E6122D6ABC90039F047 /* Conversion CalculatorTests */ = {
			isa = PBXNativeTarget;
			buildConfigurationList = D5A06E7922D6ABCA0039F047 /* Build configuration list for PBXNativeTarget "Conversion CalculatorTests" */;
			buildPhases = (
				D5A06E5E22D6ABC90039F047 /* Sources */,
				D5A06E5F22D6ABC90039F047 /* Frameworks */,
				D5A06E6022D6ABC90039F047 /* Resources */,
			);
			buildRules = (
			);
			dependencies = (
				D5A06E6422D6ABC90039F047 /* PBXTargetDependency */,
			);
			name = "Conversion CalculatorTests";
			productName = "Conversion CalculatorTests";
			productReference = D5A06E6222D6ABC90039F047 /* Conversion CalculatorTests.xctest */;
			productType = "com.apple.product-type.bundle.unit-test";
		};
		D5A06E6C22D6ABCA0039F047 /* Conversion CalculatorUITests */ = {
			isa = PBXNativeTarget;
			buildConfigurationList = D5A06E7C22D6ABCA0039F047 /* Build configuration list for PBXNativeTarget "Conversion CalculatorUITests" */;
			buildPhases = (
				D5A06E6922D6ABCA0039F047 /* Sources */,
				D5A06E6A22D6ABCA0039F047 /* Frameworks */,
				D5A06E6B22D6ABCA0039F047 /* Resources */,
			);
			buildRules = (
			);
			dependencies = (
				D5A06E6F22D6ABCA0039F047 /* PBXTargetDependency */,
			);
			name = "Conversion CalculatorUITests";
			productName = "Conversion CalculatorUITests";
			productReference = D5A06E6D22D6ABCA0039F047 /* Conversion CalculatorUITests.xctest */;
			productType = "com.apple.product-type.bundle.ui-testing";
		};
/* End PBXNativeTarget section */

/* Begin PBXProject section */
		D5A06E4622D6ABC80039F047 /* Project object */ = {
			isa = PBXProject;
			attributes = {
				LastSwiftUpdateCheck = 1020;
				LastUpgradeCheck = 1020;
				ORGANIZATIONNAME = "Megan Wilson";
				TargetAttributes = {
					D5A06E4D22D6ABC80039F047 = {
						CreatedOnToolsVersion = 10.2.1;
					};
					D5A06E6122D6ABC90039F047 = {
						CreatedOnToolsVersion = 10.2.1;
						TestTargetID = D5A06E4D22D6ABC80039F047;
					};
					D5A06E6C22D6ABCA0039F047 = {
						CreatedOnToolsVersion = 10.2.1;
						TestTargetID = D5A06E4D22D6ABC80039F047;
					};
				};
			};
			buildConfigurationList = D5A06E4922D6ABC80039F047 /* Build configuration list for PBXProject "Conversion Calculator" */;
			compatibilityVersion = "Xcode 9.3";
			developmentRegion = en;
			hasScannedForEncodings = 0;
			knownRegions = (
				en,
				Base,
			);
			mainGroup = D5A06E4522D6ABC80039F047;
			productRefGroup = D5A06E4F22D6ABC80039F047 /* Products */;
			projectDirPath = "";
			projectRoot = "";
			targets = (
				D5A06E4D22D6ABC80039F047 /* Conversion Calculator */,
				D5A06E6122D6ABC90039F047 /* Conversion CalculatorTests */,
				D5A06E6C22D6ABCA0039F047 /* Conversion CalculatorUITests */,
			);
		};
/* End PBXProject section */

/* Begin PBXResourcesBuildPhase section */
		D5A06E4C22D6ABC80039F047 /* Resources */ = {
			isa = PBXResourcesBuildPhase;
			buildActionMask = 2147483647;
			files = (
				D5A06E5C22D6ABC90039F047 /* LaunchScreen.storyboard in Resources */,
				D5A06E5922D6ABC90039F047 /* Assets.xcassets in Resources */,
				D5A06E5722D6ABC80039F047 /* Main.storyboard in Resources */,
			);
			runOnlyForDeploymentPostprocessing = 0;
		};
		D5A06E6022D6ABC90039F047 /* Resources */ = {
			isa = PBXResourcesBuildPhase;
			buildActionMask = 2147483647;
			files = (
			);
			runOnlyForDeploymentPostprocessing = 0;
		};
		D5A06E6B22D6ABCA0039F047 /* Resources */ = {
			isa = PBXResourcesBuildPhase;
			buildActionMask = 2147483647;
			files = (
			);
			runOnlyForDeploymentPostprocessing = 0;
		};
/* End PBXResourcesBuildPhase section */

/* Begin PBXSourcesBuildPhase section */
		D5A06E4A22D6ABC80039F047 /* Sources */ = {
			isa = PBXSourcesBuildPhase;
			buildActionMask = 2147483647;
			files = (
				D5A06E5222D6ABC80039F047 /* AppDelegate.swift in Sources */,
				D5A06E8022D6ABFF0039F047 /* ConverterViewController.swift in Sources */,
			);
			runOnlyForDeploymentPostprocessing = 0;
		};
		D5A06E5E22D6ABC90039F047 /* Sources */ = {
			isa = PBXSourcesBuildPhase;
			buildActionMask = 2147483647;
			files = (
				D5A06E6722D6ABC90039F047 /* Conversion_CalculatorTests.swift in Sources */,
			);
			runOnlyForDeploymentPostprocessing = 0;
		};
		D5A06E6922D6ABCA0039F047 /* Sources */ = {
			isa = PBXSourcesBuildPhase;
			buildActionMask = 2147483647;
			files = (
				D5A06E7222D6ABCA0039F047 /* Conversion_CalculatorUITests.swift in Sources */,
			);
			runOnlyForDeploymentPostprocessing = 0;
		};
/* End PBXSourcesBuildPhase section */

/* Begin PBXTargetDependency section */
		D5A06E6422D6ABC90039F047 /* PBXTargetDependency */ = {
			isa = PBXTargetDependency;
			target = D5A06E4D22D6ABC80039F047 /* Conversion Calculator */;
			targetProxy = D5A06E6322D6ABC90039F047 /* PBXContainerItemProxy */;
		};
		D5A06E6F22D6ABCA0039F047 /* PBXTargetDependency */ = {
			isa = PBXTargetDependency;
			target = D5A06E4D22D6ABC80039F047 /* Conversion Calculator */;
			targetProxy = D5A06E6E22D6ABCA0039F047 /* PBXContainerItemProxy */;
		};
/* End PBXTargetDependency section */

/* Begin PBXVariantGroup section */
		D5A06E5522D6ABC80039F047 /* Main.storyboard */ = {
			isa = PBXVariantGroup;
			children = (
				D5A06E5622D6ABC80039F047 /* Base */,
			);
			name = Main.storyboard;
			sourceTree = "<group>";
		};
		D5A06E5A22D6ABC90039F047 /* LaunchScreen.storyboard */ = {
			isa = PBXVariantGroup;
			children = (
				D5A06E5B22D6ABC90039F047 /* Base */,
			);
			name = LaunchScreen.storyboard;
			sourceTree = "<group>";
		};
/* End PBXVariantGroup section */

/* Begin XCBuildConfiguration section */
		D5A06E7422D6ABCA0039F047 /* Debug */ = {
			isa = XCBuildConfiguration;
			buildSettings = {
				ALWAYS_SEARCH_USER_PATHS = NO;
				CLANG_ANALYZER_NONNULL = YES;
				CLANG_ANALYZER_NUMBER_OBJECT_CONVERSION = YES_AGGRESSIVE;
				CLANG_CXX_LANGUAGE_STANDARD = "gnu++14";
				CLANG_CXX_LIBRARY = "libc++";
				CLANG_ENABLE_MODULES = YES;
				CLANG_ENABLE_OBJC_ARC = YES;
				CLANG_ENABLE_OBJC_WEAK = YES;
				CLANG_WARN_BLOCK_CAPTURE_AUTORELEASING = YES;
				CLANG_WARN_BOOL_CONVERSION = YES;
				CLANG_WARN_COMMA = YES;
				CLANG_WARN_CONSTANT_CONVERSION = YES;
				CLANG_WARN_DEPRECATED_OBJC_IMPLEMENTATIONS = YES;
				CLANG_WARN_DIRECT_OBJC_ISA_USAGE = YES_ERROR;
				CLANG_WARN_DOCUMENTATION_COMMENTS = YES;
				CLANG_WARN_EMPTY_BODY = YES;
				CLANG_WARN_ENUM_CONVERSION = YES;
				CLANG_WARN_INFINITE_RECURSION = YES;
				CLANG_WARN_INT_CONVERSION = YES;
				CLANG_WARN_NON_LITERAL_NULL_CONVERSION = YES;
				CLANG_WARN_OBJC_IMPLICIT_RETAIN_SELF = YES;
				CLANG_WARN_OBJC_LITERAL_CONVERSION = YES;
				CLANG_WARN_OBJC_ROOT_CLASS = YES_ERROR;
				CLANG_WARN_RANGE_LOOP_ANALYSIS = YES;
				CLANG_WARN_STRICT_PROTOTYPES = YES;
				CLANG_WARN_SUSPICIOUS_MOVE = YES;
				CLANG_WARN_UNGUARDED_AVAILABILITY = YES_AGGRESSIVE;
				CLANG_WARN_UNREACHABLE_CODE = YES;
				CLANG_WARN__DUPLICATE_METHOD_MATCH = YES;
				CODE_SIGN_IDENTITY = "iPhone Developer";
				COPY_PHASE_STRIP = NO;
				DEBUG_INFORMATION_FORMAT = dwarf;
				ENABLE_STRICT_OBJC_MSGSEND = YES;
				ENABLE_TESTABILITY = YES;
				GCC_C_LANGUAGE_STANDARD = gnu11;
				GCC_DYNAMIC_NO_PIC = NO;
				GCC_NO_COMMON_BLOCKS = YES;
				GCC_OPTIMIZATION_LEVEL = 0;
				GCC_PREPROCESSOR_DEFINITIONS = (
					"DEBUG=1",
					"$(inherited)",
				);
				GCC_WARN_64_TO_32_BIT_CONVERSION = YES;
				GCC_WARN_ABOUT_RETURN_TYPE = YES_ERROR;
				GCC_WARN_UNDECLARED_SELECTOR = YES;
				GCC_WARN_UNINITIALIZED_AUTOS = YES_AGGRESSIVE;
				GCC_WARN_UNUSED_FUNCTION = YES;
				GCC_WARN_UNUSED_VARIABLE = YES;
				IPHONEOS_DEPLOYMENT_TARGET = 12.2;
				MTL_ENABLE_DEBUG_INFO = INCLUDE_SOURCE;
				MTL_FAST_MATH = YES;
				ONLY_ACTIVE_ARCH = YES;
				SDKROOT = iphoneos;
				SWIFT_ACTIVE_COMPILATION_CONDITIONS = DEBUG;
				SWIFT_OPTIMIZATION_LEVEL = "-Onone";
			};
			name = Debug;
		};
		D5A06E7522D6ABCA0039F047 /* Release */ = {
			isa = XCBuildConfiguration;
			buildSettings = {
				ALWAYS_SEARCH_USER_PATHS = NO;
				CLANG_ANALYZER_NONNULL = YES;
				CLANG_ANALYZER_NUMBER_OBJECT_CONVERSION = YES_AGGRESSIVE;
				CLANG_CXX_LANGUAGE_STANDARD = "gnu++14";
				CLANG_CXX_LIBRARY = "libc++";
				CLANG_ENABLE_MODULES = YES;
				CLANG_ENABLE_OBJC_ARC = YES;
				CLANG_ENABLE_OBJC_WEAK = YES;
				CLANG_WARN_BLOCK_CAPTURE_AUTORELEASING = YES;
				CLANG_WARN_BOOL_CONVERSION = YES;
				CLANG_WARN_COMMA = YES;
				CLANG_WARN_CONSTANT_CONVERSION = YES;
				CLANG_WARN_DEPRECATED_OBJC_IMPLEMENTATIONS = YES;
				CLANG_WARN_DIRECT_OBJC_ISA_USAGE = YES_ERROR;
				CLANG_WARN_DOCUMENTATION_COMMENTS = YES;
				CLANG_WARN_EMPTY_BODY = YES;
				CLANG_WARN_ENUM_CONVERSION = YES;
				CLANG_WARN_INFINITE_RECURSION = YES;
				CLANG_WARN_INT_CONVERSION = YES;
				CLANG_WARN_NON_LITERAL_NULL_CONVERSION = YES;
				CLANG_WARN_OBJC_IMPLICIT_RETAIN_SELF = YES;
				CLANG_WARN_OBJC_LITERAL_CONVERSION = YES;
				CLANG_WARN_OBJC_ROOT_CLASS = YES_ERROR;
				CLANG_WARN_RANGE_LOOP_ANALYSIS = YES;
				CLANG_WARN_STRICT_PROTOTYPES = YES;
				CLANG_WARN_SUSPICIOUS_MOVE = YES;
				CLANG_WARN_UNGUARDED_AVAILABILITY = YES_AGGRESSIVE;
				CLANG_WARN_UNREACHABLE_CODE = YES;
				CLANG_WARN__DUPLICATE_METHOD_MATCH = YES;
				CODE_SIGN_IDENTITY = "iPhone Developer";
				COPY_PHASE_STRIP = NO;
				DEBUG_INFORMATION_FORMAT = "dwarf-with-dsym";
				ENABLE_NS_ASSERTIONS = NO;
				ENABLE_STRICT_OBJC_MSGSEND = YES;
				GCC_C_LANGUAGE_STANDARD = gnu11;
				GCC_NO_COMMON_BLOCKS = YES;
				GCC_WARN_64_TO_32_BIT_CONVERSION = YES;
				GCC_WARN_ABOUT_RETURN_TYPE = YES_ERROR;
				GCC_WARN_UNDECLARED_SELECTOR = YES;
				GCC_WARN_UNINITIALIZED_AUTOS = YES_AGGRESSIVE;
				GCC_WARN_UNUSED_FUNCTION = YES;
				GCC_WARN_UNUSED_VARIABLE = YES;
				IPHONEOS_DEPLOYMENT_TARGET = 12.2;
				MTL_ENABLE_DEBUG_INFO = NO;
				MTL_FAST_MATH = YES;
				SDKROOT = iphoneos;
				SWIFT_COMPILATION_MODE = wholemodule;
				SWIFT_OPTIMIZATION_LEVEL = "-O";
				VALIDATE_PRODUCT = YES;
			};
			name = Release;
		};
		D5A06E7722D6ABCA0039F047 /* Debug */ = {
			isa = XCBuildConfiguration;
			buildSettings = {
				ASSETCATALOG_COMPILER_APPICON_NAME = AppIcon;
				CODE_SIGN_STYLE = Automatic;
				DEVELOPMENT_TEAM = 6N54P4PZYL;
				INFOPLIST_FILE = "Conversion Calculator/Info.plist";
				LD_RUNPATH_SEARCH_PATHS = (
					"$(inherited)",
					"@executable_path/Frameworks",
				);
				PRODUCT_BUNDLE_IDENTIFIER = "CC.Conversion-Calculator";
				PRODUCT_NAME = "$(TARGET_NAME)";
				SWIFT_VERSION = 5.0;
				TARGETED_DEVICE_FAMILY = "1,2";
			};
			name = Debug;
		};
		D5A06E7822D6ABCA0039F047 /* Release */ = {
			isa = XCBuildConfiguration;
			buildSettings = {
				ASSETCATALOG_COMPILER_APPICON_NAME = AppIcon;
				CODE_SIGN_STYLE = Automatic;
				DEVELOPMENT_TEAM = 6N54P4PZYL;
				INFOPLIST_FILE = "Conversion Calculator/Info.plist";
				LD_RUNPATH_SEARCH_PATHS = (
					"$(inherited)",
					"@executable_path/Frameworks",
				);
				PRODUCT_BUNDLE_IDENTIFIER = "CC.Conversion-Calculator";
				PRODUCT_NAME = "$(TARGET_NAME)";
				SWIFT_VERSION = 5.0;
				TARGETED_DEVICE_FAMILY = "1,2";
			};
			name = Release;
		};
		D5A06E7A22D6ABCA0039F047 /* Debug */ = {
			isa = XCBuildConfiguration;
			buildSettings = {
				ALWAYS_EMBED_SWIFT_STANDARD_LIBRARIES = YES;
				BUNDLE_LOADER = "$(TEST_HOST)";
				CODE_SIGN_STYLE = Automatic;
				DEVELOPMENT_TEAM = 6N54P4PZYL;
				INFOPLIST_FILE = "Conversion CalculatorTests/Info.plist";
				LD_RUNPATH_SEARCH_PATHS = (
					"$(inherited)",
					"@executable_path/Frameworks",
					"@loader_path/Frameworks",
				);
				PRODUCT_BUNDLE_IDENTIFIER = "CC.Conversion-CalculatorTests";
				PRODUCT_NAME = "$(TARGET_NAME)";
				SWIFT_VERSION = 5.0;
				TARGETED_DEVICE_FAMILY = "1,2";
				TEST_HOST = "$(BUILT_PRODUCTS_DIR)/Conversion Calculator.app/Conversion Calculator";
			};
			name = Debug;
		};
		D5A06E7B22D6ABCA0039F047 /* Release */ = {
			isa = XCBuildConfiguration;
			buildSettings = {
				ALWAYS_EMBED_SWIFT_STANDARD_LIBRARIES = YES;
				BUNDLE_LOADER = "$(TEST_HOST)";
				CODE_SIGN_STYLE = Automatic;
				DEVELOPMENT_TEAM = 6N54P4PZYL;
				INFOPLIST_FILE = "Conversion CalculatorTests/Info.plist";
				LD_RUNPATH_SEARCH_PATHS = (
					"$(inherited)",
					"@executable_path/Frameworks",
					"@loader_path/Frameworks",
				);
				PRODUCT_BUNDLE_IDENTIFIER = "CC.Conversion-CalculatorTests";
				PRODUCT_NAME = "$(TARGET_NAME)";
				SWIFT_VERSION = 5.0;
				TARGETED_DEVICE_FAMILY = "1,2";
				TEST_HOST = "$(BUILT_PRODUCTS_DIR)/Conversion Calculator.app/Conversion Calculator";
			};
			name = Release;
		};
		D5A06E7D22D6ABCA0039F047 /* Debug */ = {
			isa = XCBuildConfiguration;
			buildSettings = {
				ALWAYS_EMBED_SWIFT_STANDARD_LIBRARIES = YES;
				CODE_SIGN_STYLE = Automatic;
				DEVELOPMENT_TEAM = 6N54P4PZYL;
				INFOPLIST_FILE = "Conversion CalculatorUITests/Info.plist";
				LD_RUNPATH_SEARCH_PATHS = (
					"$(inherited)",
					"@executable_path/Frameworks",
					"@loader_path/Frameworks",
				);
				PRODUCT_BUNDLE_IDENTIFIER = "CC.Conversion-CalculatorUITests";
				PRODUCT_NAME = "$(TARGET_NAME)";
				SWIFT_VERSION = 5.0;
				TARGETED_DEVICE_FAMILY = "1,2";
				TEST_TARGET_NAME = "Conversion Calculator";
			};
			name = Debug;
		};
		D5A06E7E22D6ABCA0039F047 /* Release */ = {
			isa = XCBuildConfiguration;
			buildSettings = {
				ALWAYS_EMBED_SWIFT_STANDARD_LIBRARIES = YES;
				CODE_SIGN_STYLE = Automatic;
				DEVELOPMENT_TEAM = 6N54P4PZYL;
				INFOPLIST_FILE = "Conversion CalculatorUITests/Info.plist";
				LD_RUNPATH_SEARCH_PATHS = (
					"$(inherited)",
					"@executable_path/Frameworks",
					"@loader_path/Frameworks",
				);
				PRODUCT_BUNDLE_IDENTIFIER = "CC.Conversion-CalculatorUITests";
				PRODUCT_NAME = "$(TARGET_NAME)";
				SWIFT_VERSION = 5.0;
				TARGETED_DEVICE_FAMILY = "1,2";
				TEST_TARGET_NAME = "Conversion Calculator";
			};
			name = Release;
		};
/* End XCBuildConfiguration section */

/* Begin XCConfigurationList section */
		D5A06E4922D6ABC80039F047 /* Build configuration list for PBXProject "Conversion Calculator" */ = {
			isa = XCConfigurationList;
			buildConfigurations = (
				D5A06E7422D6ABCA0039F047 /* Debug */,
				D5A06E7522D6ABCA0039F047 /* Release */,
			);
			defaultConfigurationIsVisible = 0;
			defaultConfigurationName = Release;
		};
		D5A06E7622D6ABCA0039F047 /* Build configuration list for PBXNativeTarget "Conversion Calculator" */ = {
			isa = XCConfigurationList;
			buildConfigurations = (
				D5A06E7722D6ABCA0039F047 /* Debug */,
				D5A06E7822D6ABCA0039F047 /* Release */,
			);
			defaultConfigurationIsVisible = 0;
			defaultConfigurationName = Release;
		};
		D5A06E7922D6ABCA0039F047 /* Build configuration list for PBXNativeTarget "Conversion CalculatorTests" */ = {
			isa = XCConfigurationList;
			buildConfigurations = (
				D5A06E7A22D6ABCA0039F047 /* Debug */,
				D5A06E7B22D6ABCA0039F047 /* Release */,
			);
			defaultConfigurationIsVisible = 0;
			defaultConfigurationName = Release;
		};
		D5A06E7C22D6ABCA0039F047 /* Build configuration list for PBXNativeTarget "Conversion CalculatorUITests" */ = {
			isa = XCConfigurationList;
			buildConfigurations = (
				D5A06E7D22D6ABCA0039F047 /* Debug */,
				D5A06E7E22D6ABCA0039F047 /* Release */,
			);
			defaultConfigurationIsVisible = 0;
			defaultConfigurationName = Release;
		};
/* End XCConfigurationList section */
	};
	rootObject = D5A06E4622D6ABC80039F047 /* Project object */;
}
